{
    "_readme": [
        "This file locks the dependencies of your project to a known state",
        "Read more about it at https://getcomposer.org/doc/01-basic-usage.md#composer-lock-the-lock-file",
        "This file is @generated automatically"
    ],
    "content-hash": "c43b9ea11c7cca1d0b72535a94231b7e",
    "packages": [
        {
            "name": "pfilsx/core-lite",
            "version": "1.9",
            "source": {
                "type": "git",
                "url": "https://github.com/pfilsx/core-lite.git",
                "reference": "537be7071ce83812c849019353feb24664502f7d"
            },
            "dist": {
                "type": "zip",
                "url": "https://api.github.com/repos/pfilsx/core-lite/zipball/537be7071ce83812c849019353feb24664502f7d",
                "reference": "537be7071ce83812c849019353feb24664502f7d",
                "shasum": ""
            },
            "require": {
                "ext-ctype": "*",
                "ext-mbstring": "*",
                "lib-pcre": "*",
                "php": ">=5.4.0"
            },
            "type": "library",
            "extra": {
                "branch-alias": {
                    "dev-master": "1.x-dev"
                }
            },
            "autoload": {
                "psr-4": {
                    "core\\": ""
                }
            },
            "authors": [
                {
                    "name": "Pavel Filimonov",
                    "email": "pfilsx@gmail.com",
                    "homepage": "https://github.com/pfilsx/",
                    "role": "Core developer and project lead"
                }
            ],
            "description": "Core-Lite PHP Framework",
            "homepage": "https://github.com/pfilsx/core-lite",
            "keywords": [
                "core-lite",
                "crl",
                "framework"
            ],
            "support": {
                "issues": "https://github.com/pfilsx/core-lite/issues?state=open",
                "source": "https://github.com/pfilsx/core-lite"
            },
            "time": "2018-01-10T11:17:02+00:00"
        },
        {
            "name": "pfilsx/core-lite-bootstrap3",
            "version": "1.8",
            "source": {
                "type": "git",
                "url": "https://github.com/pfilsx/core-lite-bootstrap3.git",
                "reference": "f7a98c8ad0a4b9587836d9f824be7d2ed76e36d0"
            },
            "dist": {
                "type": "zip",
                "url": "https://api.github.com/repos/pfilsx/core-lite-bootstrap3/zipball/f7a98c8ad0a4b9587836d9f824be7d2ed76e36d0",
                "reference": "f7a98c8ad0a4b9587836d9f824be7d2ed76e36d0",
                "shasum": ""
            },
            "require": {
                "pfilsx/core-lite": ">= 1.8"
            },
            "type": "core-lite-extension",
            "autoload": {
                "psr-4": {
                    "core\\bootstrap\\": ""
                }
            },
            "license": [
                "BSD-3-Clause"
            ],
            "authors": [
                {
                    "name": "Pavel Filimonov",
                    "email": "pfilsx@gmail.com"
                }
            ],
            "description": "The Twitter Bootstrap 3 extension for the Core-Lite framework",
            "keywords": [
                "bootstrap",
                "core-lite"
            ],
            "support": {
                "issues": "https://github.com/pfilsx/core-lite-bootstap3/issues",
                "source": "https://github.com/pfilsx/core-lite-bootstap3"
            },
            "time": "2017-12-28T13:16:35+00:00"
        }
    ],
    "packages-dev": [],
    "aliases": [],
    "minimum-stability": "stable",
    "stability-flags": [],
    "prefer-stable": false,
    "prefer-lowest": false,
    "platform": [],
    "platform-dev": []
}
